# This file is generated by running "yarn install" inside your project.
# Manual changes might be lost - proceed with caution!

__metadata:
  version: 8
  cacheKey: 10c0

"root-workspace-0b6124@workspace:.":
  version: 0.0.0-use.local
  resolution: "root-workspace-0b6124@workspace:."
  dependencies:
    zenn-cli: "npm:^0.1.141"
  languageName: unknown
  linkType: soft

"zenn-cli@npm:^0.1.141":
  version: 0.1.141
  resolution: "zenn-cli@npm:0.1.141"
  bin:
    zenn: dist/server/zenn.js
  checksum: e6c2862e71a5b572c816d79d805456e32195f24a7d823f7c4d397dfae892befa1c67a2eb502112693b1ff118e84efcd622b7cb31cdbc07f906928899e4f24b05
  languageName: node
  linkType: hard
