# This file is generated by running "yarn install" inside your project.
# Manual changes might be lost - proceed with caution!

__metadata:
  version: 8
  cacheKey: 10c0

"root-workspace-0b6124@workspace:.":
  version: 0.0.0-use.local
  resolution: "root-workspace-0b6124@workspace:."
  dependencies:
    zenn-cli: "npm:^0.1.148"
  languageName: unknown
  linkType: soft

"zenn-cli@npm:^0.1.148":
  version: 0.1.148
  resolution: "zenn-cli@npm:0.1.148"
  bin:
    zenn: dist/server/zenn.js
  checksum: 9291fd9822531a88ccb28a6f73e400148461c20d95b795c263b67e8e7abfd28cf62363b93a8fc3c38a745fa17186735a0030a15437e6ccbfb7fd01e3afe3ffed
  languageName: node
  linkType: hard
